
Microsoft Visual Studio Solution File, Format Version 12.00
# Visual Studio Version 16
VisualStudioVersion = 16.0.29911.84
MinimumVisualStudioVersion = 10.0.40219.1
Project("{FAE04EC0-301F-11D3-BF4B-00C04F79EFBC}") = "App.WebUI", "App.WebUI\App.WebUI.csproj", "{B4811074-2154-401A-B315-1EEDE19BC904}"
EndProject
Project("{FAE04EC0-301F-11D3-BF4B-00C04F79EFBC}") = "App.Data", "App.Data\App.Data.csproj", "{DBD2FC81-306A-4FA9-9319-6D0654EB379C}"
EndProject
Project("{FAE04EC0-301F-11D3-BF4B-00C04F79EFBC}") = "App.Entity", "App.Entity\App.Entity.csproj", "{6E89B7CF-5DA3-4EB4-95FC-F5DE8E7CE0E6}"
EndProject
Global
	GlobalSection(SolutionConfigurationPlatforms) = preSolution
		Debug|Any CPU = Debug|Any CPU
		Release|Any CPU = Release|Any CPU
	EndGlobalSection
	GlobalSection(ProjectConfigurationPlatforms) = postSolution
		{B4811074-2154-401A-B315-1EEDE19BC904}.Debug|Any CPU.ActiveCfg = Debug|Any CPU
		{B4811074-2154-401A-B315-1EEDE19BC904}.Debug|Any CPU.Build.0 = Debug|Any CPU
		{B4811074-2154-401A-B315-1EEDE19BC904}.Release|Any CPU.ActiveCfg = Release|Any CPU
		{B4811074-2154-401A-B315-1EEDE19BC904}.Release|Any CPU.Build.0 = Release|Any CPU
		{DBD2FC81-306A-4FA9-9319-6D0654EB379C}.Debug|Any CPU.ActiveCfg = Debug|Any CPU
		{DBD2FC81-306A-4FA9-9319-6D0654EB379C}.Debug|Any CPU.Build.0 = Debug|Any CPU
		{DBD2FC81-306A-4FA9-9319-6D0654EB379C}.Release|Any CPU.ActiveCfg = Release|Any CPU
		{DBD2FC81-306A-4FA9-9319-6D0654EB379C}.Release|Any CPU.Build.0 = Release|Any CPU
		{6E89B7CF-5DA3-4EB4-95FC-F5DE8E7CE0E6}.Debug|Any CPU.ActiveCfg = Debug|Any CPU
		{6E89B7CF-5DA3-4EB4-95FC-F5DE8E7CE0E6}.Debug|Any CPU.Build.0 = Debug|Any CPU
		{6E89B7CF-5DA3-4EB4-95FC-F5DE8E7CE0E6}.Release|Any CPU.ActiveCfg = Release|Any CPU
		{6E89B7CF-5DA3-4EB4-95FC-F5DE8E7CE0E6}.Release|Any CPU.Build.0 = Release|Any CPU
	EndGlobalSection
	GlobalSection(SolutionProperties) = preSolution
		HideSolutionNode = FALSE
	EndGlobalSection
	GlobalSection(ExtensibilityGlobals) = postSolution
		SolutionGuid = {7D7698A4-C85B-4FED-A9C5-7D3C2FEAF511}
	EndGlobalSection
EndGlobal
